
Microsoft Visual Studio Solution File, Format Version 12.00
# Visual Studio Version 16
VisualStudioVersion = 16.0.29503.13
MinimumVisualStudioVersion = 10.0.40219.1
Project("{8BC9CEB8-8B4A-11D0-8D11-00A0C91BC942}") = "Galaxy_Wizard", "Galaxy_Wizard\Galaxy_Wizard.vcxproj", "{2BBF68E1-1EC3-452B-A1D6-A2A40F7E2618}"
EndProject
Project("{8BC9CEB8-8B4A-11D0-8D11-00A0C91BC942}") = "Galaxy_Wizard_Linux", "Galaxy_Wizard_Linux\Galaxy_Wizard_Linux.vcxproj", "{49E3E30F-E03E-4D4B-A1E8-27D62575D016}"
EndProject
Global
	GlobalSection(SolutionConfigurationPlatforms) = preSolution
		Debug|ARM = Debug|ARM
		Debug|ARM64 = Debug|ARM64
		Debug|x64 = Debug|x64
		Debug|x86 = Debug|x86
		Release|ARM = Release|ARM
		Release|ARM64 = Release|ARM64
		Release|x64 = Release|x64
		Release|x86 = Release|x86
	EndGlobalSection
	GlobalSection(ProjectConfigurationPlatforms) = postSolution
		{2BBF68E1-1EC3-452B-A1D6-A2A40F7E2618}.Debug|ARM.ActiveCfg = Debug|Win32
		{2BBF68E1-1EC3-452B-A1D6-A2A40F7E2618}.Debug|ARM64.ActiveCfg = Debug|Win32
		{2BBF68E1-1EC3-452B-A1D6-A2A40F7E2618}.Debug|x64.ActiveCfg = Debug|x64
		{2BBF68E1-1EC3-452B-A1D6-A2A40F7E2618}.Debug|x64.Build.0 = Debug|x64
		{2BBF68E1-1EC3-452B-A1D6-A2A40F7E2618}.Debug|x86.ActiveCfg = Debug|Win32
		{2BBF68E1-1EC3-452B-A1D6-A2A40F7E2618}.Debug|x86.Build.0 = Debug|Win32
		{2BBF68E1-1EC3-452B-A1D6-A2A40F7E2618}.Release|ARM.ActiveCfg = Release|Win32
		{2BBF68E1-1EC3-452B-A1D6-A2A40F7E2618}.Release|ARM64.ActiveCfg = Release|Win32
		{2BBF68E1-1EC3-452B-A1D6-A2A40F7E2618}.Release|x64.ActiveCfg = Release|x64
		{2BBF68E1-1EC3-452B-A1D6-A2A40F7E2618}.Release|x64.Build.0 = Release|x64
		{2BBF68E1-1EC3-452B-A1D6-A2A40F7E2618}.Release|x86.ActiveCfg = Release|Win32
		{2BBF68E1-1EC3-452B-A1D6-A2A40F7E2618}.Release|x86.Build.0 = Release|Win32
		{49E3E30F-E03E-4D4B-A1E8-27D62575D016}.Debug|ARM.ActiveCfg = Debug|ARM
		{49E3E30F-E03E-4D4B-A1E8-27D62575D016}.Debug|ARM.Build.0 = Debug|ARM
		{49E3E30F-E03E-4D4B-A1E8-27D62575D016}.Debug|ARM.Deploy.0 = Debug|ARM
		{49E3E30F-E03E-4D4B-A1E8-27D62575D016}.Debug|ARM64.ActiveCfg = Debug|ARM64
		{49E3E30F-E03E-4D4B-A1E8-27D62575D016}.Debug|ARM64.Build.0 = Debug|ARM64
		{49E3E30F-E03E-4D4B-A1E8-27D62575D016}.Debug|ARM64.Deploy.0 = Debug|ARM64
		{49E3E30F-E03E-4D4B-A1E8-27D62575D016}.Debug|x64.ActiveCfg = Debug|x64
		{49E3E30F-E03E-4D4B-A1E8-27D62575D016}.Debug|x64.Build.0 = Debug|x64
		{49E3E30F-E03E-4D4B-A1E8-27D62575D016}.Debug|x64.Deploy.0 = Debug|x64
		{49E3E30F-E03E-4D4B-A1E8-27D62575D016}.Debug|x86.ActiveCfg = Debug|x86
		{49E3E30F-E03E-4D4B-A1E8-27D62575D016}.Debug|x86.Build.0 = Debug|x86
		{49E3E30F-E03E-4D4B-A1E8-27D62575D016}.Debug|x86.Deploy.0 = Debug|x86
		{49E3E30F-E03E-4D4B-A1E8-27D62575D016}.Release|ARM.ActiveCfg = Release|ARM
		{49E3E30F-E03E-4D4B-A1E8-27D62575D016}.Release|ARM.Build.0 = Release|ARM
		{49E3E30F-E03E-4D4B-A1E8-27D62575D016}.Release|ARM.Deploy.0 = Release|ARM
		{49E3E30F-E03E-4D4B-A1E8-27D62575D016}.Release|ARM64.ActiveCfg = Release|ARM64
		{49E3E30F-E03E-4D4B-A1E8-27D62575D016}.Release|ARM64.Build.0 = Release|ARM64
		{49E3E30F-E03E-4D4B-A1E8-27D62575D016}.Release|ARM64.Deploy.0 = Release|ARM64
		{49E3E30F-E03E-4D4B-A1E8-27D62575D016}.Release|x64.ActiveCfg = Release|x64
		{49E3E30F-E03E-4D4B-A1E8-27D62575D016}.Release|x64.Build.0 = Release|x64
		{49E3E30F-E03E-4D4B-A1E8-27D62575D016}.Release|x64.Deploy.0 = Release|x64
		{49E3E30F-E03E-4D4B-A1E8-27D62575D016}.Release|x86.ActiveCfg = Release|x86
		{49E3E30F-E03E-4D4B-A1E8-27D62575D016}.Release|x86.Build.0 = Release|x86
		{49E3E30F-E03E-4D4B-A1E8-27D62575D016}.Release|x86.Deploy.0 = Release|x86
	EndGlobalSection
	GlobalSection(SolutionProperties) = preSolution
		HideSolutionNode = FALSE
	EndGlobalSection
	GlobalSection(ExtensibilityGlobals) = postSolution
		SolutionGuid = {CB29CF67-195F-42BD-92EE-CD289FC41CF1}
	EndGlobalSection
EndGlobal
